{
  "requires": true,
  "lockfileVersion": 1,
  "dependencies": {
    "angular-css": {
      "version": "1.0.8",
      "resolved": "https://registry.npmjs.org/angular-css/-/angular-css-1.0.8.tgz",
      "integrity": "sha1-lvY96M592EFVMBc71iKbVgP051E="
    },
    "angular-local-storage": {
      "version": "0.7.1",
      "resolved": "https://registry.npmjs.org/angular-local-storage/-/angular-local-storage-0.7.1.tgz",
      "integrity": "sha1-+9JzB2PCn6mvVyXgGGx4BiHozdI="
    },
    "angular-storage": {
      "version": "0.0.15",
      "resolved": "https://registry.npmjs.org/angular-storage/-/angular-storage-0.0.15.tgz",
      "integrity": "sha1-AF1kgImChI2UlyXisr+Qod0nr8E="
    },
    "select2": {
      "version": "4.0.7",
      "resolved": "https://registry.npmjs.org/select2/-/select2-4.0.7.tgz",
      "integrity": "sha512-t46Z2nkEEYnBYdRpLNw5dj9qqO+YTiTlWKnpJ/B5e1Q3hPND00JRgcLJxYRzqpeLZd+ZkszkHEMagLKIfbTjVA=="
    }
  }
}
